NeoBundleLock indentLine 9cb94e17354d98d6fb4f59b243144d4d34d0b654
NeoBundleLock jedi-vim 625c568b1249db8c5f1b06a1f9371c06ba2d08b5
NeoBundleLock neobundle.vim 2c48f1f9531836d36eb7b7d64f787d579e22b0d7
NeoBundleLock neocomplete.vim 36b29b299e1c24917ff4f15b4941c66641019895
NeoBundleLock nerdtree 4ebbb533c3faf2c480211db2b547972bb3b60f2b
NeoBundleLock tabular 60f25648814f0695eeb6c1040d97adca93c4e0bb
NeoBundleLock vim-autoclose a9a3b7384657bc1f60a963fd6c08c63fc48d61c3
NeoBundleLock vim-hybrid cc58baabeabc7b83768e25b852bf89c34756bf90
NeoBundleLock vim-markdown 5daaf1153fce091c6dd86edac525d3650c6835aa
NeoBundleLock vim-quickrun da5328d0aec495e4dc25232fd769a8a2e56d8f7d
NeoBundleLock vim-submode d44a302b3ca97c8014c35c93893ca8fec0b95e4e
NeoBundleLock vim-surround 2d05440ad23f97a7874ebd9b5de3a0e65d25d85c
